
Microsoft Visual Studio Solution File, Format Version 12.00
# Visual Studio Version 17
VisualStudioVersion = 17.8.34309.116
MinimumVisualStudioVersion = 10.0.40219.1
Project("{9A19103F-16F7-4668-BE54-9A1E7A4F7556}") = "FreePPlus.OfficeOpenXml", "src\FreePPlus.OfficeOpenXml\FreePPlus.OfficeOpenXml.csproj", "{7ECBE3EF-5FF8-4689-A0C2-A7CBD3C22C81}"
EndProject
Project("{9A19103F-16F7-4668-BE54-9A1E7A4F7556}") = "FreePPlus.Imaging", "src\FreePPlus.Imaging\FreePPlus.Imaging.csproj", "{A34CBECF-87C5-40A8-8D93-7946AF9A50EF}"
EndProject
Project("{2150E333-8FDC-42A3-9474-1A3956D46DE8}") = "Tests", "Tests", "{BFC10E81-FB4A-4646-910B-FBF76DBB9B3C}"
EndProject
Project("{9A19103F-16F7-4668-BE54-9A1E7A4F7556}") = "FreePPlus.OfficeOpenXml.Tests", "tests\FreePPlus.OfficeOpenXml.Tests\FreePPlus.OfficeOpenXml.Tests.csproj", "{5DFCCF44-50F2-423E-8A38-6BF14780B983}"
EndProject
Project("{2150E333-8FDC-42A3-9474-1A3956D46DE8}") = "Samples", "Samples", "{68BDD6A5-BF7A-4F95-B1EB-BE0B58C4941A}"
EndProject
Project("{9A19103F-16F7-4668-BE54-9A1E7A4F7556}") = "FreePPlus.OfficeOpenXml.SampleApp", "samples\FreePPlus.OfficeOpenXml.SampleApp\FreePPlus.OfficeOpenXml.SampleApp.csproj", "{7D1C1DDB-4061-4293-8DA3-991C91BAA1C1}"
EndProject
Project("{FAE04EC0-301F-11D3-BF4B-00C04F79EFBC}") = "FreePPlus.Imaging.Tests", "tests\FreePPlus.Imaging.Tests\FreePPlus.Imaging.Tests.csproj", "{C8398D3C-677A-4789-9C1A-5FBB3220B5D9}"
EndProject
Global
	GlobalSection(SolutionConfigurationPlatforms) = preSolution
		Debug|Any CPU = Debug|Any CPU
		Release|Any CPU = Release|Any CPU
	EndGlobalSection
	GlobalSection(ProjectConfigurationPlatforms) = postSolution
		{7ECBE3EF-5FF8-4689-A0C2-A7CBD3C22C81}.Debug|Any CPU.ActiveCfg = Debug|Any CPU
		{7ECBE3EF-5FF8-4689-A0C2-A7CBD3C22C81}.Debug|Any CPU.Build.0 = Debug|Any CPU
		{7ECBE3EF-5FF8-4689-A0C2-A7CBD3C22C81}.Release|Any CPU.ActiveCfg = Release|Any CPU
		{7ECBE3EF-5FF8-4689-A0C2-A7CBD3C22C81}.Release|Any CPU.Build.0 = Release|Any CPU
		{A34CBECF-87C5-40A8-8D93-7946AF9A50EF}.Debug|Any CPU.ActiveCfg = Debug|Any CPU
		{A34CBECF-87C5-40A8-8D93-7946AF9A50EF}.Debug|Any CPU.Build.0 = Debug|Any CPU
		{A34CBECF-87C5-40A8-8D93-7946AF9A50EF}.Release|Any CPU.ActiveCfg = Release|Any CPU
		{A34CBECF-87C5-40A8-8D93-7946AF9A50EF}.Release|Any CPU.Build.0 = Release|Any CPU
		{5DFCCF44-50F2-423E-8A38-6BF14780B983}.Debug|Any CPU.ActiveCfg = Debug|Any CPU
		{5DFCCF44-50F2-423E-8A38-6BF14780B983}.Debug|Any CPU.Build.0 = Debug|Any CPU
		{5DFCCF44-50F2-423E-8A38-6BF14780B983}.Release|Any CPU.ActiveCfg = Release|Any CPU
		{5DFCCF44-50F2-423E-8A38-6BF14780B983}.Release|Any CPU.Build.0 = Release|Any CPU
		{7D1C1DDB-4061-4293-8DA3-991C91BAA1C1}.Debug|Any CPU.ActiveCfg = Debug|Any CPU
		{7D1C1DDB-4061-4293-8DA3-991C91BAA1C1}.Debug|Any CPU.Build.0 = Debug|Any CPU
		{7D1C1DDB-4061-4293-8DA3-991C91BAA1C1}.Release|Any CPU.ActiveCfg = Release|Any CPU
		{7D1C1DDB-4061-4293-8DA3-991C91BAA1C1}.Release|Any CPU.Build.0 = Release|Any CPU
		{C8398D3C-677A-4789-9C1A-5FBB3220B5D9}.Debug|Any CPU.ActiveCfg = Debug|Any CPU
		{C8398D3C-677A-4789-9C1A-5FBB3220B5D9}.Debug|Any CPU.Build.0 = Debug|Any CPU
		{C8398D3C-677A-4789-9C1A-5FBB3220B5D9}.Release|Any CPU.ActiveCfg = Release|Any CPU
		{C8398D3C-677A-4789-9C1A-5FBB3220B5D9}.Release|Any CPU.Build.0 = Release|Any CPU
	EndGlobalSection
	GlobalSection(SolutionProperties) = preSolution
		HideSolutionNode = FALSE
	EndGlobalSection
	GlobalSection(NestedProjects) = preSolution
		{5DFCCF44-50F2-423E-8A38-6BF14780B983} = {BFC10E81-FB4A-4646-910B-FBF76DBB9B3C}
		{7D1C1DDB-4061-4293-8DA3-991C91BAA1C1} = {68BDD6A5-BF7A-4F95-B1EB-BE0B58C4941A}
		{C8398D3C-677A-4789-9C1A-5FBB3220B5D9} = {BFC10E81-FB4A-4646-910B-FBF76DBB9B3C}
	EndGlobalSection
	GlobalSection(ExtensibilityGlobals) = postSolution
		SolutionGuid = {5C57A457-80FD-4B18-AE20-F6B69F02557B}
	EndGlobalSection
EndGlobal
